
Microsoft Visual Studio Solution File, Format Version 12.00
# Visual Studio Version 17
VisualStudioVersion = 17.8.34525.116
MinimumVisualStudioVersion = 10.0.40219.1
Project("{FAE04EC0-301F-11D3-BF4B-00C04F79EFBC}") = "AlarmClock", "AlarmClock\AlarmClock.csproj", "{F87851E3-EAB4-4857-ADDD-1F9D607CE316}"
EndProject
Global
	GlobalSection(SolutionConfigurationPlatforms) = preSolution
		Debug|Any CPU = Debug|Any CPU
		Release|Any CPU = Release|Any CPU
	EndGlobalSection
	GlobalSection(ProjectConfigurationPlatforms) = postSolution
		{F87851E3-EAB4-4857-ADDD-1F9D607CE316}.Debug|Any CPU.ActiveCfg = Debug|Any CPU
		{F87851E3-EAB4-4857-ADDD-1F9D607CE316}.Debug|Any CPU.Build.0 = Debug|Any CPU
		{F87851E3-EAB4-4857-ADDD-1F9D607CE316}.Release|Any CPU.ActiveCfg = Release|Any CPU
		{F87851E3-EAB4-4857-ADDD-1F9D607CE316}.Release|Any CPU.Build.0 = Release|Any CPU
	EndGlobalSection
	GlobalSection(SolutionProperties) = preSolution
		HideSolutionNode = FALSE
	EndGlobalSection
	GlobalSection(ExtensibilityGlobals) = postSolution
		SolutionGuid = {28D5A554-E90E-4580-B920-A8553249D2DD}
	EndGlobalSection
EndGlobal
